{
  "name": "article_uploader",
  "version": "1.0.0",
  "lockfileVersion": 3,
  "requires": true,
  "packages": {
    "": {
      "name": "article_uploader",
      "version": "1.0.0",
      "dependencies": {
        "@ardrive/turbo-sdk": "file:../../Arweave-Cli/node_modules/@ardrive/turbo-sdk",
        "dotenv": "file:../../Arweave-Cli/node_modules/dotenv"
      }
    },
    "../../Arweave-Cli/node_modules/@ardrive/turbo-sdk": {
      "version": "1.41.0",
      "license": "Apache-2.0",
      "dependencies": {
        "@cosmjs/proto-signing": "^0.33.1",
        "@cosmjs/stargate": "^0.33.1",
        "@dha-team/arbundles": "^1.0.1",
        "@ethersproject/signing-key": "^5.7.0",
        "@permaweb/aoconnect": "0.0.57",
        "@solana/web3.js": "^1.91.7",
        "arweave": "^1.15.1",
        "bignumber.js": "^9.1.2",
        "bs58": "^5.0.0",
        "cli-progress": "^3.12.0",
        "commander": "^12.1.0",
        "ethers": "^6.12.0",
        "eventemitter3": "^5.0.1",
        "mime-types": "^2.1.35",
        "plimit-lit": "^3.0.1",
        "prompts": "^2.4.2",
        "tweetnacl": "^1.0.3",
        "x402-fetch": "^1.0.0"
      },
      "bin": {
        "turbo": "lib/esm/cli/cli.js"
      },
      "devDependencies": {
        "@esbuild-plugins/node-modules-polyfill": "^0.2.2",
        "@semantic-release/changelog": "^6.0.3",
        "@semantic-release/exec": "^7.1.0",
        "@semantic-release/git": "^10.0.1",
        "@types/chai": "^4.3.5",
        "@types/cli-progress": "^3.11.6",
        "@types/eventemitter3": "^2.0.4",
        "@types/mime-types": "^2.1.4",
        "@types/mocha": "^10.0.1",
        "@types/node": "^20.4.8",
        "@types/prompts": "^2.4.9",
        "@types/sinon": "^10.0.15",
        "@typescript-eslint/eslint-plugin": "^5.62.0",
        "@typescript-eslint/parser": "^6.4.0",
        "c8": "^8.0.1",
        "dotenv": "^16.4.5",
        "dotenv-cli": "^7.4.1",
        "esbuild": "^0.27.2",
        "esbuild-plugin-polyfill-node": "^0.3.0",
        "eslint-config-standard-with-typescript": "^37.0.0",
        "eslint-plugin-header": "^3.1.1",
        "eslint-plugin-import": "^2.28.0",
        "eslint-plugin-mocha": "^10.1.0",
        "eslint-plugin-n": "^16.0.1",
        "eslint-plugin-promise": "^6.1.1",
        "http-server": "^14.1.1",
        "husky": "^8.0.3",
        "markdown-toc-gen": "^1.0.1",
        "node-fetch": "^3.3.2",
        "semantic-release": "^25.0.1",
        "sinon": "^15.2.0",
        "ts-node": "^10.9.1"
      },
      "engines": {
        "node": ">=18"
      }
    },
    "../../Arweave-Cli/node_modules/dotenv": {
      "version": "16.6.1",
      "license": "BSD-2-Clause",
      "devDependencies": {
        "@types/node": "^18.11.3",
        "decache": "^4.6.2",
        "sinon": "^14.0.1",
        "standard": "^17.0.0",
        "standard-version": "^9.5.0",
        "tap": "^19.2.0",
        "typescript": "^4.8.4"
      },
      "engines": {
        "node": ">=12"
      },
      "funding": {
        "url": "https://dotenvx.com"
      }
    },
    "node_modules/@ardrive/turbo-sdk": {
      "resolved": "../../Arweave-Cli/node_modules/@ardrive/turbo-sdk",
      "link": true
    },
    "node_modules/dotenv": {
      "resolved": "../../Arweave-Cli/node_modules/dotenv",
      "link": true
    }
  }
}
